// !$*UTF8*$!
{
	archiveVersion = 1;
	classes = {
	};
	objectVersion = 50;
	objects = {

/* Begin PBXBuildFile section */
		2E92F12924A230810037FC13 /* AppDelegate.swift in Sources */ = {isa = PBXBuildFile; fileRef = 2E92F12824A230810037FC13 /* AppDelegate.swift */; };
		2E92F12B24A230810037FC13 /* SceneDelegate.swift in Sources */ = {isa = PBXBuildFile; fileRef = 2E92F12A24A230810037FC13 /* SceneDelegate.swift */; };
		2E92F12D24A230810037FC13 /* MapVC.swift in Sources */ = {isa = PBXBuildFile; fileRef = 2E92F12C24A230810037FC13 /* MapVC.swift */; };
		2E92F13024A230810037FC13 /* Main.storyboard in Resources */ = {isa = PBXBuildFile; fileRef = 2E92F12E24A230810037FC13 /* Main.storyboard */; };
		2E92F13224A230820037FC13 /* Assets.xcassets in Resources */ = {isa = PBXBuildFile; fileRef = 2E92F13124A230820037FC13 /* Assets.xcassets */; };
		2E92F13524A230820037FC13 /* LaunchScreen.storyboard in Resources */ = {isa = PBXBuildFile; fileRef = 2E92F13324A230820037FC13 /* LaunchScreen.storyboard */; };
		2E92F14124A25A8D0037FC13 /* AppNotes.txt in Resources */ = {isa = PBXBuildFile; fileRef = 2E92F14024A25A8D0037FC13 /* AppNotes.txt */; };
		EB1CAB6FA3A023C48AB92ACE /* Pods_FlickrMapApp.framework in Frameworks */ = {isa = PBXBuildFile; fileRef = A60A3BB13CFD56AB14F06289 /* Pods_FlickrMapApp.framework */; };
/* End PBXBuildFile section */

/* Begin PBXFileReference section */
		2E92F12524A230810037FC13 /* FlickrMapApp.app */ = {isa = PBXFileReference; explicitFileType = wrapper.application; includeInIndex = 0; path = FlickrMapApp.app; sourceTree = BUILT_PRODUCTS_DIR; };
		2E92F12824A230810037FC13 /* AppDelegate.swift */ = {isa = PBXFileReference; lastKnownFileType = sourcecode.swift; path = AppDelegate.swift; sourceTree = "<group>"; };
		2E92F12A24A230810037FC13 /* SceneDelegate.swift */ = {isa = PBXFileReference; lastKnownFileType = sourcecode.swift; path = SceneDelegate.swift; sourceTree = "<group>"; };
		2E92F12C24A230810037FC13 /* MapVC.swift */ = {isa = PBXFileReference; lastKnownFileType = sourcecode.swift; path = MapVC.swift; sourceTree = "<group>"; };
		2E92F12F24A230810037FC13 /* Base */ = {isa = PBXFileReference; lastKnownFileType = file.storyboard; name = Base; path = Base.lproj/Main.storyboard; sourceTree = "<group>"; };
		2E92F13124A230820037FC13 /* Assets.xcassets */ = {isa = PBXFileReference; lastKnownFileType = folder.assetcatalog; path = Assets.xcassets; sourceTree = "<group>"; };
		2E92F13424A230820037FC13 /* Base */ = {isa = PBXFileReference; lastKnownFileType = file.storyboard; name = Base; path = Base.lproj/LaunchScreen.storyboard; sourceTree = "<group>"; };
		2E92F13624A230820037FC13 /* Info.plist */ = {isa = PBXFileReference; lastKnownFileType = text.plist.xml; path = Info.plist; sourceTree = "<group>"; };
		2E92F14024A25A8D0037FC13 /* AppNotes.txt */ = {isa = PBXFileReference; lastKnownFileType = text; path = AppNotes.txt; sourceTree = "<group>"; };
		7737DD788A03B08FE58B1931 /* Pods-FlickrMapApp.debug.xcconfig */ = {isa = PBXFileReference; includeInIndex = 1; lastKnownFileType = text.xcconfig; name = "Pods-FlickrMapApp.debug.xcconfig"; path = "Pods/Target Support Files/Pods-FlickrMapApp/Pods-FlickrMapApp.debug.xcconfig"; sourceTree = "<group>"; };
		A60A3BB13CFD56AB14F06289 /* Pods_FlickrMapApp.framework */ = {isa = PBXFileReference; explicitFileType = wrapper.framework; includeInIndex = 0; path = Pods_FlickrMapApp.framework; sourceTree = BUILT_PRODUCTS_DIR; };
		DF2AFE89D1E788F470827F0F /* Pods-FlickrMapApp.release.xcconfig */ = {isa = PBXFileReference; includeInIndex = 1; lastKnownFileType = text.xcconfig; name = "Pods-FlickrMapApp.release.xcconfig"; path = "Pods/Target Support Files/Pods-FlickrMapApp/Pods-FlickrMapApp.release.xcconfig"; sourceTree = "<group>"; };
/* End PBXFileReference section */

/* Begin PBXFrameworksBuildPhase section */
		2E92F12224A230810037FC13 /* Frameworks */ = {
			isa = PBXFrameworksBuildPhase;
			buildActionMask = 2147483647;
			files = (
				EB1CAB6FA3A023C48AB92ACE /* Pods_FlickrMapApp.framework in Frameworks */,
			);
			runOnlyForDeploymentPostprocessing = 0;
		};
/* End PBXFrameworksBuildPhase section */

/* Begin PBXGroup section */
		151BB8CC5EFAEEEED4629DC2 /* Frameworks */ = {
			isa = PBXGroup;
			children = (
				A60A3BB13CFD56AB14F06289 /* Pods_FlickrMapApp.framework */,
			);
			name = Frameworks;
			sourceTree = "<group>";
		};
		2E92F11C24A230810037FC13 = {
			isa = PBXGroup;
			children = (
				2E92F12724A230810037FC13 /* FlickrMapApp */,
				2E92F12624A230810037FC13 /* Products */,
				3D8A01332EB44D68D1D3D51B /* Pods */,
				151BB8CC5EFAEEEED4629DC2 /* Frameworks */,
			);
			sourceTree = "<group>";
		};
		2E92F12624A230810037FC13 /* Products */ = {
			isa = PBXGroup;
			children = (
				2E92F12524A230810037FC13 /* FlickrMapApp.app */,
			);
			name = Products;
			sourceTree = "<group>";
		};
		2E92F12724A230810037FC13 /* FlickrMapApp */ = {
			isa = PBXGroup;
			children = (
				2E92F13F24A2309D0037FC13 /* Utilities */,
				2E92F13E24A230970037FC13 /* Extentions */,
				2E92F13D24A230910037FC13 /* View */,
				2E92F13C24A230880037FC13 /* Controller */,
				2E92F12824A230810037FC13 /* AppDelegate.swift */,
				2E92F12A24A230810037FC13 /* SceneDelegate.swift */,
				2E92F12E24A230810037FC13 /* Main.storyboard */,
				2E92F13124A230820037FC13 /* Assets.xcassets */,
				2E92F13324A230820037FC13 /* LaunchScreen.storyboard */,
				2E92F13624A230820037FC13 /* Info.plist */,
				2E92F14024A25A8D0037FC13 /* AppNotes.txt */,
			);
			path = FlickrMapApp;
			sourceTree = "<group>";
		};
		2E92F13C24A230880037FC13 /* Controller */ = {
			isa = PBXGroup;
			children = (
				2E92F12C24A230810037FC13 /* MapVC.swift */,
			);
			path = Controller;
			sourceTree = "<group>";
		};
		2E92F13D24A230910037FC13 /* View */ = {
			isa = PBXGroup;
			children = (
			);
			path = View;
			sourceTree = "<group>";
		};
		2E92F13E24A230970037FC13 /* Extentions */ = {
			isa = PBXGroup;
			children = (
			);
			path = Extentions;
			sourceTree = "<group>";
		};
		2E92F13F24A2309D0037FC13 /* Utilities */ = {
			isa = PBXGroup;
			children = (
			);
			path = Utilities;
			sourceTree = "<group>";
		};
		3D8A01332EB44D68D1D3D51B /* Pods */ = {
			isa = PBXGroup;
			children = (
				7737DD788A03B08FE58B1931 /* Pods-FlickrMapApp.debug.xcconfig */,
				DF2AFE89D1E788F470827F0F /* Pods-FlickrMapApp.release.xcconfig */,
			);
			name = Pods;
			sourceTree = "<group>";
		};
/* End PBXGroup section */

/* Begin PBXNativeTarget section */
		2E92F12424A230810037FC13 /* FlickrMapApp */ = {
			isa = PBXNativeTarget;
			buildConfigurationList = 2E92F13924A230820037FC13 /* Build configuration list for PBXNativeTarget "FlickrMapApp" */;
			buildPhases = (
				D2DA19F69169695C83847470 /* [CP] Check Pods Manifest.lock */,
				2E92F12124A230810037FC13 /* Sources */,
				2E92F12224A230810037FC13 /* Frameworks */,
				2E92F12324A230810037FC13 /* Resources */,
				39FA1B3BC3EF7CF59B96EBA0 /* [CP] Embed Pods Frameworks */,
			);
			buildRules = (
			);
			dependencies = (
			);
			name = FlickrMapApp;
			productName = FlickrMapApp;
			productReference = 2E92F12524A230810037FC13 /* FlickrMapApp.app */;
			productType = "com.apple.product-type.application";
		};
/* End PBXNativeTarget section */

/* Begin PBXProject section */
		2E92F11D24A230810037FC13 /* Project object */ = {
			isa = PBXProject;
			attributes = {
				LastSwiftUpdateCheck = 1150;
				LastUpgradeCheck = 1150;
				ORGANIZATIONNAME = "Burak Tunç";
				TargetAttributes = {
					2E92F12424A230810037FC13 = {
						CreatedOnToolsVersion = 11.5;
					};
				};
			};
			buildConfigurationList = 2E92F12024A230810037FC13 /* Build configuration list for PBXProject "FlickrMapApp" */;
			compatibilityVersion = "Xcode 9.3";
			developmentRegion = en;
			hasScannedForEncodings = 0;
			knownRegions = (
				en,
				Base,
			);
			mainGroup = 2E92F11C24A230810037FC13;
			productRefGroup = 2E92F12624A230810037FC13 /* Products */;
			projectDirPath = "";
			projectRoot = "";
			targets = (
				2E92F12424A230810037FC13 /* FlickrMapApp */,
			);
		};
/* End PBXProject section */

/* Begin PBXResourcesBuildPhase section */
		2E92F12324A230810037FC13 /* Resources */ = {
			isa = PBXResourcesBuildPhase;
			buildActionMask = 2147483647;
			files = (
				2E92F14124A25A8D0037FC13 /* AppNotes.txt in Resources */,
				2E92F13524A230820037FC13 /* LaunchScreen.storyboard in Resources */,
				2E92F13224A230820037FC13 /* Assets.xcassets in Resources */,
				2E92F13024A230810037FC13 /* Main.storyboard in Resources */,
			);
			runOnlyForDeploymentPostprocessing = 0;
		};
/* End PBXResourcesBuildPhase section */

/* Begin PBXShellScriptBuildPhase section */
		39FA1B3BC3EF7CF59B96EBA0 /* [CP] Embed Pods Frameworks */ = {
			isa = PBXShellScriptBuildPhase;
			buildActionMask = 2147483647;
			files = (
			);
			inputPaths = (
				"${SRCROOT}/Pods/Target Support Files/Pods-FlickrMapApp/Pods-FlickrMapApp-frameworks.sh",
				"${BUILT_PRODUCTS_DIR}/Alamofire/Alamofire.framework",
				"${BUILT_PRODUCTS_DIR}/AlamofireImage/AlamofireImage.framework",
			);
			name = "[CP] Embed Pods Frameworks";
			outputPaths = (
				"${TARGET_BUILD_DIR}/${FRAMEWORKS_FOLDER_PATH}/Alamofire.framework",
				"${TARGET_BUILD_DIR}/${FRAMEWORKS_FOLDER_PATH}/AlamofireImage.framework",
			);
			runOnlyForDeploymentPostprocessing = 0;
			shellPath = /bin/sh;
			shellScript = "\"${SRCROOT}/Pods/Target Support Files/Pods-FlickrMapApp/Pods-FlickrMapApp-frameworks.sh\"\n";
			showEnvVarsInLog = 0;
		};
		D2DA19F69169695C83847470 /* [CP] Check Pods Manifest.lock */ = {
			isa = PBXShellScriptBuildPhase;
			buildActionMask = 2147483647;
			files = (
			);
			inputPaths = (
				"${PODS_PODFILE_DIR_PATH}/Podfile.lock",
				"${PODS_ROOT}/Manifest.lock",
			);
			name = "[CP] Check Pods Manifest.lock";
			outputPaths = (
				"$(DERIVED_FILE_DIR)/Pods-FlickrMapApp-checkManifestLockResult.txt",
			);
			runOnlyForDeploymentPostprocessing = 0;
			shellPath = /bin/sh;
			shellScript = "diff \"${PODS_PODFILE_DIR_PATH}/Podfile.lock\" \"${PODS_ROOT}/Manifest.lock\" > /dev/null\nif [ $? != 0 ] ; then\n    # print error to STDERR\n    echo \"error: The sandbox is not in sync with the Podfile.lock. Run 'pod install' or update your CocoaPods installation.\" >&2\n    exit 1\nfi\n# This output is used by Xcode 'outputs' to avoid re-running this script phase.\necho \"SUCCESS\" > \"${SCRIPT_OUTPUT_FILE_0}\"\n";
			showEnvVarsInLog = 0;
		};
/* End PBXShellScriptBuildPhase section */

/* Begin PBXSourcesBuildPhase section */
		2E92F12124A230810037FC13 /* Sources */ = {
			isa = PBXSourcesBuildPhase;
			buildActionMask = 2147483647;
			files = (
				2E92F12D24A230810037FC13 /* MapVC.swift in Sources */,
				2E92F12924A230810037FC13 /* AppDelegate.swift in Sources */,
				2E92F12B24A230810037FC13 /* SceneDelegate.swift in Sources */,
			);
			runOnlyForDeploymentPostprocessing = 0;
		};
/* End PBXSourcesBuildPhase section */

/* Begin PBXVariantGroup section */
		2E92F12E24A230810037FC13 /* Main.storyboard */ = {
			isa = PBXVariantGroup;
			children = (
				2E92F12F24A230810037FC13 /* Base */,
			);
			name = Main.storyboard;
			sourceTree = "<group>";
		};
		2E92F13324A230820037FC13 /* LaunchScreen.storyboard */ = {
			isa = PBXVariantGroup;
			children = (
				2E92F13424A230820037FC13 /* Base */,
			);
			name = LaunchScreen.storyboard;
			sourceTree = "<group>";
		};
/* End PBXVariantGroup section */

/* Begin XCBuildConfiguration section */
		2E92F13724A230820037FC13 /* Debug */ = {
			isa = XCBuildConfiguration;
			buildSettings = {
				ALWAYS_SEARCH_USER_PATHS = NO;
				CLANG_ANALYZER_NONNULL = YES;
				CLANG_ANALYZER_NUMBER_OBJECT_CONVERSION = YES_AGGRESSIVE;
				CLANG_CXX_LANGUAGE_STANDARD = "gnu++14";
				CLANG_CXX_LIBRARY = "libc++";
				CLANG_ENABLE_MODULES = YES;
				CLANG_ENABLE_OBJC_ARC = YES;
				CLANG_ENABLE_OBJC_WEAK = YES;
				CLANG_WARN_BLOCK_CAPTURE_AUTORELEASING = YES;
				CLANG_WARN_BOOL_CONVERSION = YES;
				CLANG_WARN_COMMA = YES;
				CLANG_WARN_CONSTANT_CONVERSION = YES;
				CLANG_WARN_DEPRECATED_OBJC_IMPLEMENTATIONS = YES;
				CLANG_WARN_DIRECT_OBJC_ISA_USAGE = YES_ERROR;
				CLANG_WARN_DOCUMENTATION_COMMENTS = YES;
				CLANG_WARN_EMPTY_BODY = YES;
				CLANG_WARN_ENUM_CONVERSION = YES;
				CLANG_WARN_INFINITE_RECURSION = YES;
				CLANG_WARN_INT_CONVERSION = YES;
				CLANG_WARN_NON_LITERAL_NULL_CONVERSION = YES;
				CLANG_WARN_OBJC_IMPLICIT_RETAIN_SELF = YES;
				CLANG_WARN_OBJC_LITERAL_CONVERSION = YES;
				CLANG_WARN_OBJC_ROOT_CLASS = YES_ERROR;
				CLANG_WARN_RANGE_LOOP_ANALYSIS = YES;
				CLANG_WARN_STRICT_PROTOTYPES = YES;
				CLANG_WARN_SUSPICIOUS_MOVE = YES;
				CLANG_WARN_UNGUARDED_AVAILABILITY = YES_AGGRESSIVE;
				CLANG_WARN_UNREACHABLE_CODE = YES;
				CLANG_WARN__DUPLICATE_METHOD_MATCH = YES;
				COPY_PHASE_STRIP = NO;
				DEBUG_INFORMATION_FORMAT = dwarf;
				ENABLE_STRICT_OBJC_MSGSEND = YES;
				ENABLE_TESTABILITY = YES;
				GCC_C_LANGUAGE_STANDARD = gnu11;
				GCC_DYNAMIC_NO_PIC = NO;
				GCC_NO_COMMON_BLOCKS = YES;
				GCC_OPTIMIZATION_LEVEL = 0;
				GCC_PREPROCESSOR_DEFINITIONS = (
					"DEBUG=1",
					"$(inherited)",
				);
				GCC_WARN_64_TO_32_BIT_CONVERSION = YES;
				GCC_WARN_ABOUT_RETURN_TYPE = YES_ERROR;
				GCC_WARN_UNDECLARED_SELECTOR = YES;
				GCC_WARN_UNINITIALIZED_AUTOS = YES_AGGRESSIVE;
				GCC_WARN_UNUSED_FUNCTION = YES;
				GCC_WARN_UNUSED_VARIABLE = YES;
				IPHONEOS_DEPLOYMENT_TARGET = 13.5;
				MTL_ENABLE_DEBUG_INFO = INCLUDE_SOURCE;
				MTL_FAST_MATH = YES;
				ONLY_ACTIVE_ARCH = YES;
				SDKROOT = iphoneos;
				SWIFT_ACTIVE_COMPILATION_CONDITIONS = DEBUG;
				SWIFT_OPTIMIZATION_LEVEL = "-Onone";
			};
			name = Debug;
		};
		2E92F13824A230820037FC13 /* Release */ = {
			isa = XCBuildConfiguration;
			buildSettings = {
				ALWAYS_SEARCH_USER_PATHS = NO;
				CLANG_ANALYZER_NONNULL = YES;
				CLANG_ANALYZER_NUMBER_OBJECT_CONVERSION = YES_AGGRESSIVE;
				CLANG_CXX_LANGUAGE_STANDARD = "gnu++14";
				CLANG_CXX_LIBRARY = "libc++";
				CLANG_ENABLE_MODULES = YES;
				CLANG_ENABLE_OBJC_ARC = YES;
				CLANG_ENABLE_OBJC_WEAK = YES;
				CLANG_WARN_BLOCK_CAPTURE_AUTORELEASING = YES;
				CLANG_WARN_BOOL_CONVERSION = YES;
				CLANG_WARN_COMMA = YES;
				CLANG_WARN_CONSTANT_CONVERSION = YES;
				CLANG_WARN_DEPRECATED_OBJC_IMPLEMENTATIONS = YES;
				CLANG_WARN_DIRECT_OBJC_ISA_USAGE = YES_ERROR;
				CLANG_WARN_DOCUMENTATION_COMMENTS = YES;
				CLANG_WARN_EMPTY_BODY = YES;
				CLANG_WARN_ENUM_CONVERSION = YES;
				CLANG_WARN_INFINITE_RECURSION = YES;
				CLANG_WARN_INT_CONVERSION = YES;
				CLANG_WARN_NON_LITERAL_NULL_CONVERSION = YES;
				CLANG_WARN_OBJC_IMPLICIT_RETAIN_SELF = YES;
				CLANG_WARN_OBJC_LITERAL_CONVERSION = YES;
				CLANG_WARN_OBJC_ROOT_CLASS = YES_ERROR;
				CLANG_WARN_RANGE_LOOP_ANALYSIS = YES;
				CLANG_WARN_STRICT_PROTOTYPES = YES;
				CLANG_WARN_SUSPICIOUS_MOVE = YES;
				CLANG_WARN_UNGUARDED_AVAILABILITY = YES_AGGRESSIVE;
				CLANG_WARN_UNREACHABLE_CODE = YES;
				CLANG_WARN__DUPLICATE_METHOD_MATCH = YES;
				COPY_PHASE_STRIP = NO;
				DEBUG_INFORMATION_FORMAT = "dwarf-with-dsym";
				ENABLE_NS_ASSERTIONS = NO;
				ENABLE_STRICT_OBJC_MSGSEND = YES;
				GCC_C_LANGUAGE_STANDARD = gnu11;
				GCC_NO_COMMON_BLOCKS = YES;
				GCC_WARN_64_TO_32_BIT_CONVERSION = YES;
				GCC_WARN_ABOUT_RETURN_TYPE = YES_ERROR;
				GCC_WARN_UNDECLARED_SELECTOR = YES;
				GCC_WARN_UNINITIALIZED_AUTOS = YES_AGGRESSIVE;
				GCC_WARN_UNUSED_FUNCTION = YES;
				GCC_WARN_UNUSED_VARIABLE = YES;
				IPHONEOS_DEPLOYMENT_TARGET = 13.5;
				MTL_ENABLE_DEBUG_INFO = NO;
				MTL_FAST_MATH = YES;
				SDKROOT = iphoneos;
				SWIFT_COMPILATION_MODE = wholemodule;
				SWIFT_OPTIMIZATION_LEVEL = "-O";
				VALIDATE_PRODUCT = YES;
			};
			name = Release;
		};
		2E92F13A24A230820037FC13 /* Debug */ = {
			isa = XCBuildConfiguration;
			baseConfigurationReference = 7737DD788A03B08FE58B1931 /* Pods-FlickrMapApp.debug.xcconfig */;
			buildSettings = {
				ASSETCATALOG_COMPILER_APPICON_NAME = AppIcon;
				CODE_SIGN_STYLE = Automatic;
				DEVELOPMENT_TEAM = Z9N8ZU49CZ;
				INFOPLIST_FILE = FlickrMapApp/Info.plist;
				LD_RUNPATH_SEARCH_PATHS = (
					"$(inherited)",
					"@executable_path/Frameworks",
				);
				PRODUCT_BUNDLE_IDENTIFIER = com.buraktuncdev.FlickrMapApp;
				PRODUCT_NAME = "$(TARGET_NAME)";
				SWIFT_VERSION = 4.0;
				TARGETED_DEVICE_FAMILY = "1,2";
			};
			name = Debug;
		};
		2E92F13B24A230820037FC13 /* Release */ = {
			isa = XCBuildConfiguration;
			baseConfigurationReference = DF2AFE89D1E788F470827F0F /* Pods-FlickrMapApp.release.xcconfig */;
			buildSettings = {
				ASSETCATALOG_COMPILER_APPICON_NAME = AppIcon;
				CODE_SIGN_STYLE = Automatic;
				DEVELOPMENT_TEAM = Z9N8ZU49CZ;
				INFOPLIST_FILE = FlickrMapApp/Info.plist;
				LD_RUNPATH_SEARCH_PATHS = (
					"$(inherited)",
					"@executable_path/Frameworks",
				);
				PRODUCT_BUNDLE_IDENTIFIER = com.buraktuncdev.FlickrMapApp;
				PRODUCT_NAME = "$(TARGET_NAME)";
				SWIFT_VERSION = 4.0;
				TARGETED_DEVICE_FAMILY = "1,2";
			};
			name = Release;
		};
/* End XCBuildConfiguration section */

/* Begin XCConfigurationList section */
		2E92F12024A230810037FC13 /* Build configuration list for PBXProject "FlickrMapApp" */ = {
			isa = XCConfigurationList;
			buildConfigurations = (
				2E92F13724A230820037FC13 /* Debug */,
				2E92F13824A230820037FC13 /* Release */,
			);
			defaultConfigurationIsVisible = 0;
			defaultConfigurationName = Release;
		};
		2E92F13924A230820037FC13 /* Build configuration list for PBXNativeTarget "FlickrMapApp" */ = {
			isa = XCConfigurationList;
			buildConfigurations = (
				2E92F13A24A230820037FC13 /* Debug */,
				2E92F13B24A230820037FC13 /* Release */,
			);
			defaultConfigurationIsVisible = 0;
			defaultConfigurationName = Release;
		};
/* End XCConfigurationList section */
	};
	rootObject = 2E92F11D24A230810037FC13 /* Project object */;
}
